PODS:
  - CardScan (2.1.2)
  - PanModal (1.2.7)
  - SwiftyShadow (1.7.0)
  - SwipeCellKit (2.7.1)

DEPENDENCIES:
  - CardScan
  - PanModal
  - SwiftyShadow (~> 1.7.0)
  - SwipeCellKit

SPEC REPOS:
  trunk:
    - CardScan
    - PanModal
    - SwiftyShadow
    - SwipeCellKit

SPEC CHECKSUMS:
  CardScan: 8f06a55469d758f5ea1c8d79d25a668cab47ab1f
  PanModal: 3e16ead1a907fb06f4df3f13492fd00149fa4974
  SwiftyShadow: d2697c62eb83759b7806466e3ea29de24c772c29
  SwipeCellKit: 3972254a826da74609926daf59b08d6c72e619ea

PODFILE CHECKSUM: 1293e53093db579c841fe569028aeaebacb4a7b3

COCOAPODS: 1.12.1
